
Microsoft Visual Studio Solution File, Format Version 12.00
# Visual Studio Version 17
VisualStudioVersion = 17.11.35222.181
MinimumVisualStudioVersion = 10.0.40219.1
Project("{FAE04EC0-301F-11D3-BF4B-00C04F79EFBC}") = "iTextsharpDemo", "iTextsharpDemo\iTextsharpDemo.csproj", "{8D851C1A-2CE4-4D29-B572-2F48867E0448}"
EndProject
Global
	GlobalSection(SolutionConfigurationPlatforms) = preSolution
		Debug|Any CPU = Debug|Any CPU
		Release|Any CPU = Release|Any CPU
	EndGlobalSection
	GlobalSection(ProjectConfigurationPlatforms) = postSolution
		{8D851C1A-2CE4-4D29-B572-2F48867E0448}.Debug|Any CPU.ActiveCfg = Debug|Any CPU
		{8D851C1A-2CE4-4D29-B572-2F48867E0448}.Debug|Any CPU.Build.0 = Debug|Any CPU
		{8D851C1A-2CE4-4D29-B572-2F48867E0448}.Release|Any CPU.ActiveCfg = Release|Any CPU
		{8D851C1A-2CE4-4D29-B572-2F48867E0448}.Release|Any CPU.Build.0 = Release|Any CPU
	EndGlobalSection
	GlobalSection(SolutionProperties) = preSolution
		HideSolutionNode = FALSE
	EndGlobalSection
	GlobalSection(ExtensibilityGlobals) = postSolution
		SolutionGuid = {5D84265A-C672-4C0C-9A98-90BF81E4410E}
	EndGlobalSection
EndGlobal
